<?xml version="1.0" encoding="utf-8"?>
<Project ToolsVersion="16.0" xmlns="http://schemas.microsoft.com/developer/msbuild/2003">
  <ItemGroup>
    <ClCompile Include="D:\OpenGl\glfw-3.3.4\glfw-3.3.4\examples\sharing.c">
      <Filter>Source Files</Filter>
    </ClCompile>
    <ClCompile Include="D:\OpenGl\glfw-3.3.4\glfw-3.3.4\deps\glad_gl.c">
      <Filter>Source Files</Filter>
    </ClCompile>
  </ItemGroup>
  <ItemGroup>
    <ClInclude Include="D:\OpenGl\glfw-3.3.4\glfw-3.3.4\deps\glad\gl.h">
      <Filter>Header Files</Filter>
    </ClInclude>
  </ItemGroup>
  <ItemGroup>
    <CustomBuild Include="D:\OpenGl\glfw-3.3.4\glfw-3.3.4\examples\CMakeLists.txt" />
  </ItemGroup>
  <ItemGroup>
    <ResourceCompile Include="D:\OpenGl\glfw-3.3.4\glfw-3.3.4\examples\glfw.rc">
      <Filter>Source Files</Filter>
    </ResourceCompile>
  </ItemGroup>
  <ItemGroup>
    <Filter Include="Header Files">
      <UniqueIdentifier>{5B031807-06E1-30E3-9D84-3E374CF361ED}</UniqueIdentifier>
    </Filter>
    <Filter Include="Source Files">
      <UniqueIdentifier>{8D817259-0230-3C2C-8217-92155B0CD348}</UniqueIdentifier>
    </Filter>
  </ItemGroup>
</Project>
