
Microsoft Visual Studio Solution File, Format Version 12.00
# Visual Studio Version 16
Project("{2150E333-8FDC-42A3-9474-1A3956D46DE8}") = "CMakePredefinedTargets", "CMakePredefinedTargets", "{31C50509-70AB-37F7-81F6-DF2C28E0F3B2}"
EndProject
Project("{2150E333-8FDC-42A3-9474-1A3956D46DE8}") = "GLFW3", "GLFW3", "{7B462B79-EF5F-3DAA-8050-A4BFEF7225C6}"
EndProject
Project("{2150E333-8FDC-42A3-9474-1A3956D46DE8}") = "Examples", "GLFW3\Examples", "{1DD79B1C-8B5A-38A4-8C40-5C3663D935C5}"
EndProject
Project("{2150E333-8FDC-42A3-9474-1A3956D46DE8}") = "Tests", "GLFW3\Tests", "{EC2232C1-2DD9-3E6D-B98A-1A14823C3DFC}"
EndProject
Project("{8BC9CEB8-8B4A-11D0-8D11-00A0C91BC942}") = "ALL_BUILD", "ALL_BUILD.vcxproj", "{93AE014A-9A99-3270-B9A0-16084A8A07B0}"
	ProjectSection(ProjectDependencies) = postProject
		{C8CDA23F-5D60-31E4-B6F8-7AAE23517421} = {C8CDA23F-5D60-31E4-B6F8-7AAE23517421}
		{1FBAE712-3022-320C-B4AA-9C4347499982} = {1FBAE712-3022-320C-B4AA-9C4347499982}
		{F94D59D4-B269-36D1-8D14-DCE976C09563} = {F94D59D4-B269-36D1-8D14-DCE976C09563}
		{11BF1127-CDCF-3CB3-BA26-1E510855002F} = {11BF1127-CDCF-3CB3-BA26-1E510855002F}
		{346C0102-BDBC-39A8-9671-8877C9CA5121} = {346C0102-BDBC-39A8-9671-8877C9CA5121}
		{D22F820B-23F1-3D2E-A651-B1BFDF24BD0B} = {D22F820B-23F1-3D2E-A651-B1BFDF24BD0B}
		{E47B638B-7F8B-349F-B669-A27B5F246D67} = {E47B638B-7F8B-349F-B669-A27B5F246D67}
		{76B612A7-3DD7-3C30-AFFF-23B68E05AAE8} = {76B612A7-3DD7-3C30-AFFF-23B68E05AAE8}
		{A14B11E1-5A31-308D-86BE-9198D79DE2B4} = {A14B11E1-5A31-308D-86BE-9198D79DE2B4}
		{04742DDC-3B4C-3203-84B0-9376C3DDA27E} = {04742DDC-3B4C-3203-84B0-9376C3DDA27E}
		{8585E507-805C-39F2-BFAE-E08A09316559} = {8585E507-805C-39F2-BFAE-E08A09316559}
		{B77C611C-1E34-327B-B10F-40B915B5AFFC} = {B77C611C-1E34-327B-B10F-40B915B5AFFC}
		{B088995F-BA76-38CA-9F42-CC35F7F1242C} = {B088995F-BA76-38CA-9F42-CC35F7F1242C}
		{449781A2-03A5-3324-A0A7-304E5E739F39} = {449781A2-03A5-3324-A0A7-304E5E739F39}
		{DD231D58-255B-3E13-A813-C28415BC1D78} = {DD231D58-255B-3E13-A813-C28415BC1D78}
		{1A3CEFBF-6431-32EF-BD99-60A6B83E14CB} = {1A3CEFBF-6431-32EF-BD99-60A6B83E14CB}
		{0485B75D-EDB3-363D-AD55-38806741D103} = {0485B75D-EDB3-363D-AD55-38806741D103}
		{C903F534-7CB1-3B93-9046-46D4CDC01944} = {C903F534-7CB1-3B93-9046-46D4CDC01944}
		{BCA14BB1-646D-35FC-BAEF-6128A3881F95} = {BCA14BB1-646D-35FC-BAEF-6128A3881F95}
		{E731D392-85DF-3CE0-8622-821FA3FA0B99} = {E731D392-85DF-3CE0-8622-821FA3FA0B99}
		{778AD47E-1C24-33AD-BCA1-375F520F09D0} = {778AD47E-1C24-33AD-BCA1-375F520F09D0}
		{2FCF8113-71E4-33FE-9486-57AB0F22E520} = {2FCF8113-71E4-33FE-9486-57AB0F22E520}
		{7D2C179D-46F1-3FDA-A0C1-EF8636DCC941} = {7D2C179D-46F1-3FDA-A0C1-EF8636DCC941}
		{7857330C-3138-36BC-9A73-D5CA8AC81F93} = {7857330C-3138-36BC-9A73-D5CA8AC81F93}
		{9281A43A-AAB6-33A7-82F0-AC66302435C6} = {9281A43A-AAB6-33A7-82F0-AC66302435C6}
		{96F27B29-7075-33B3-A84B-C68E1F2C5F1B} = {96F27B29-7075-33B3-A84B-C68E1F2C5F1B}
		{063594DB-61D8-346A-AAB7-1AB2E6A8DC7C} = {063594DB-61D8-346A-AAB7-1AB2E6A8DC7C}
		{0C709AFB-F97B-32C1-B1FC-00A42538F54C} = {0C709AFB-F97B-32C1-B1FC-00A42538F54C}
		{8B50EB8A-5B60-3131-8A0A-7AC1D7D46677} = {8B50EB8A-5B60-3131-8A0A-7AC1D7D46677}
		{58B61CEA-7F4D-3737-8CC7-E8C02BFBB486} = {58B61CEA-7F4D-3737-8CC7-E8C02BFBB486}
		{988A6DC4-1094-3979-A325-D586EB78F416} = {988A6DC4-1094-3979-A325-D586EB78F416}
	EndProjectSection
EndProject
Project("{8BC9CEB8-8B4A-11D0-8D11-00A0C91BC942}") = "INSTALL", "INSTALL.vcxproj", "{03B1BB9B-EA90-3B90-B742-60B5258C794E}"
	ProjectSection(ProjectDependencies) = postProject
		{93AE014A-9A99-3270-B9A0-16084A8A07B0} = {93AE014A-9A99-3270-B9A0-16084A8A07B0}
		{C8CDA23F-5D60-31E4-B6F8-7AAE23517421} = {C8CDA23F-5D60-31E4-B6F8-7AAE23517421}
	EndProjectSection
EndProject
Project("{8BC9CEB8-8B4A-11D0-8D11-00A0C91BC942}") = "ZERO_CHECK", "ZERO_CHECK.vcxproj", "{C8CDA23F-5D60-31E4-B6F8-7AAE23517421}"
	ProjectSection(ProjectDependencies) = postProject
	EndProjectSection
EndProject
Project("{8BC9CEB8-8B4A-11D0-8D11-00A0C91BC942}") = "boing", "examples\boing.vcxproj", "{1FBAE712-3022-320C-B4AA-9C4347499982}"
	ProjectSection(ProjectDependencies) = postProject
		{C8CDA23F-5D60-31E4-B6F8-7AAE23517421} = {C8CDA23F-5D60-31E4-B6F8-7AAE23517421}
		{A14B11E1-5A31-308D-86BE-9198D79DE2B4} = {A14B11E1-5A31-308D-86BE-9198D79DE2B4}
	EndProjectSection
EndProject
Project("{8BC9CEB8-8B4A-11D0-8D11-00A0C91BC942}") = "clipboard", "tests\clipboard.vcxproj", "{F94D59D4-B269-36D1-8D14-DCE976C09563}"
	ProjectSection(ProjectDependencies) = postProject
		{C8CDA23F-5D60-31E4-B6F8-7AAE23517421} = {C8CDA23F-5D60-31E4-B6F8-7AAE23517421}
		{A14B11E1-5A31-308D-86BE-9198D79DE2B4} = {A14B11E1-5A31-308D-86BE-9198D79DE2B4}
	EndProjectSection
EndProject
Project("{8BC9CEB8-8B4A-11D0-8D11-00A0C91BC942}") = "cursor", "tests\cursor.vcxproj", "{11BF1127-CDCF-3CB3-BA26-1E510855002F}"
	ProjectSection(ProjectDependencies) = postProject
		{C8CDA23F-5D60-31E4-B6F8-7AAE23517421} = {C8CDA23F-5D60-31E4-B6F8-7AAE23517421}
		{A14B11E1-5A31-308D-86BE-9198D79DE2B4} = {A14B11E1-5A31-308D-86BE-9198D79DE2B4}
	EndProjectSection
EndProject
Project("{8BC9CEB8-8B4A-11D0-8D11-00A0C91BC942}") = "empty", "tests\empty.vcxproj", "{346C0102-BDBC-39A8-9671-8877C9CA5121}"
	ProjectSection(ProjectDependencies) = postProject
		{C8CDA23F-5D60-31E4-B6F8-7AAE23517421} = {C8CDA23F-5D60-31E4-B6F8-7AAE23517421}
		{A14B11E1-5A31-308D-86BE-9198D79DE2B4} = {A14B11E1-5A31-308D-86BE-9198D79DE2B4}
	EndProjectSection
EndProject
Project("{8BC9CEB8-8B4A-11D0-8D11-00A0C91BC942}") = "events", "tests\events.vcxproj", "{D22F820B-23F1-3D2E-A651-B1BFDF24BD0B}"
	ProjectSection(ProjectDependencies) = postProject
		{C8CDA23F-5D60-31E4-B6F8-7AAE23517421} = {C8CDA23F-5D60-31E4-B6F8-7AAE23517421}
		{A14B11E1-5A31-308D-86BE-9198D79DE2B4} = {A14B11E1-5A31-308D-86BE-9198D79DE2B4}
	EndProjectSection
EndProject
Project("{8BC9CEB8-8B4A-11D0-8D11-00A0C91BC942}") = "gamma", "tests\gamma.vcxproj", "{E47B638B-7F8B-349F-B669-A27B5F246D67}"
	ProjectSection(ProjectDependencies) = postProject
		{C8CDA23F-5D60-31E4-B6F8-7AAE23517421} = {C8CDA23F-5D60-31E4-B6F8-7AAE23517421}
		{A14B11E1-5A31-308D-86BE-9198D79DE2B4} = {A14B11E1-5A31-308D-86BE-9198D79DE2B4}
	EndProjectSection
EndProject
Project("{8BC9CEB8-8B4A-11D0-8D11-00A0C91BC942}") = "gears", "examples\gears.vcxproj", "{76B612A7-3DD7-3C30-AFFF-23B68E05AAE8}"
	ProjectSection(ProjectDependencies) = postProject
		{C8CDA23F-5D60-31E4-B6F8-7AAE23517421} = {C8CDA23F-5D60-31E4-B6F8-7AAE23517421}
		{A14B11E1-5A31-308D-86BE-9198D79DE2B4} = {A14B11E1-5A31-308D-86BE-9198D79DE2B4}
	EndProjectSection
EndProject
Project("{8BC9CEB8-8B4A-11D0-8D11-00A0C91BC942}") = "glfw", "src\glfw.vcxproj", "{A14B11E1-5A31-308D-86BE-9198D79DE2B4}"
	ProjectSection(ProjectDependencies) = postProject
		{C8CDA23F-5D60-31E4-B6F8-7AAE23517421} = {C8CDA23F-5D60-31E4-B6F8-7AAE23517421}
	EndProjectSection
EndProject
Project("{8BC9CEB8-8B4A-11D0-8D11-00A0C91BC942}") = "glfwinfo", "tests\glfwinfo.vcxproj", "{04742DDC-3B4C-3203-84B0-9376C3DDA27E}"
	ProjectSection(ProjectDependencies) = postProject
		{C8CDA23F-5D60-31E4-B6F8-7AAE23517421} = {C8CDA23F-5D60-31E4-B6F8-7AAE23517421}
		{A14B11E1-5A31-308D-86BE-9198D79DE2B4} = {A14B11E1-5A31-308D-86BE-9198D79DE2B4}
	EndProjectSection
EndProject
Project("{8BC9CEB8-8B4A-11D0-8D11-00A0C91BC942}") = "heightmap", "examples\heightmap.vcxproj", "{8585E507-805C-39F2-BFAE-E08A09316559}"
	ProjectSection(ProjectDependencies) = postProject
		{C8CDA23F-5D60-31E4-B6F8-7AAE23517421} = {C8CDA23F-5D60-31E4-B6F8-7AAE23517421}
		{A14B11E1-5A31-308D-86BE-9198D79DE2B4} = {A14B11E1-5A31-308D-86BE-9198D79DE2B4}
	EndProjectSection
EndProject
Project("{8BC9CEB8-8B4A-11D0-8D11-00A0C91BC942}") = "icon", "tests\icon.vcxproj", "{B77C611C-1E34-327B-B10F-40B915B5AFFC}"
	ProjectSection(ProjectDependencies) = postProject
		{C8CDA23F-5D60-31E4-B6F8-7AAE23517421} = {C8CDA23F-5D60-31E4-B6F8-7AAE23517421}
		{A14B11E1-5A31-308D-86BE-9198D79DE2B4} = {A14B11E1-5A31-308D-86BE-9198D79DE2B4}
	EndProjectSection
EndProject
Project("{8BC9CEB8-8B4A-11D0-8D11-00A0C91BC942}") = "iconify", "tests\iconify.vcxproj", "{B088995F-BA76-38CA-9F42-CC35F7F1242C}"
	ProjectSection(ProjectDependencies) = postProject
		{C8CDA23F-5D60-31E4-B6F8-7AAE23517421} = {C8CDA23F-5D60-31E4-B6F8-7AAE23517421}
		{A14B11E1-5A31-308D-86BE-9198D79DE2B4} = {A14B11E1-5A31-308D-86BE-9198D79DE2B4}
	EndProjectSection
EndProject
Project("{8BC9CEB8-8B4A-11D0-8D11-00A0C91BC942}") = "inputlag", "tests\inputlag.vcxproj", "{449781A2-03A5-3324-A0A7-304E5E739F39}"
	ProjectSection(ProjectDependencies) = postProject
		{C8CDA23F-5D60-31E4-B6F8-7AAE23517421} = {C8CDA23F-5D60-31E4-B6F8-7AAE23517421}
		{A14B11E1-5A31-308D-86BE-9198D79DE2B4} = {A14B11E1-5A31-308D-86BE-9198D79DE2B4}
	EndProjectSection
EndProject
Project("{8BC9CEB8-8B4A-11D0-8D11-00A0C91BC942}") = "joysticks", "tests\joysticks.vcxproj", "{DD231D58-255B-3E13-A813-C28415BC1D78}"
	ProjectSection(ProjectDependencies) = postProject
		{C8CDA23F-5D60-31E4-B6F8-7AAE23517421} = {C8CDA23F-5D60-31E4-B6F8-7AAE23517421}
		{A14B11E1-5A31-308D-86BE-9198D79DE2B4} = {A14B11E1-5A31-308D-86BE-9198D79DE2B4}
	EndProjectSection
EndProject
Project("{8BC9CEB8-8B4A-11D0-8D11-00A0C91BC942}") = "monitors", "tests\monitors.vcxproj", "{1A3CEFBF-6431-32EF-BD99-60A6B83E14CB}"
	ProjectSection(ProjectDependencies) = postProject
		{C8CDA23F-5D60-31E4-B6F8-7AAE23517421} = {C8CDA23F-5D60-31E4-B6F8-7AAE23517421}
		{A14B11E1-5A31-308D-86BE-9198D79DE2B4} = {A14B11E1-5A31-308D-86BE-9198D79DE2B4}
	EndProjectSection
EndProject
Project("{8BC9CEB8-8B4A-11D0-8D11-00A0C91BC942}") = "msaa", "tests\msaa.vcxproj", "{0485B75D-EDB3-363D-AD55-38806741D103}"
	ProjectSection(ProjectDependencies) = postProject
		{C8CDA23F-5D60-31E4-B6F8-7AAE23517421} = {C8CDA23F-5D60-31E4-B6F8-7AAE23517421}
		{A14B11E1-5A31-308D-86BE-9198D79DE2B4} = {A14B11E1-5A31-308D-86BE-9198D79DE2B4}
	EndProjectSection
EndProject
Project("{8BC9CEB8-8B4A-11D0-8D11-00A0C91BC942}") = "offscreen", "examples\offscreen.vcxproj", "{C903F534-7CB1-3B93-9046-46D4CDC01944}"
	ProjectSection(ProjectDependencies) = postProject
		{C8CDA23F-5D60-31E4-B6F8-7AAE23517421} = {C8CDA23F-5D60-31E4-B6F8-7AAE23517421}
		{A14B11E1-5A31-308D-86BE-9198D79DE2B4} = {A14B11E1-5A31-308D-86BE-9198D79DE2B4}
	EndProjectSection
EndProject
Project("{8BC9CEB8-8B4A-11D0-8D11-00A0C91BC942}") = "opacity", "tests\opacity.vcxproj", "{BCA14BB1-646D-35FC-BAEF-6128A3881F95}"
	ProjectSection(ProjectDependencies) = postProject
		{C8CDA23F-5D60-31E4-B6F8-7AAE23517421} = {C8CDA23F-5D60-31E4-B6F8-7AAE23517421}
		{A14B11E1-5A31-308D-86BE-9198D79DE2B4} = {A14B11E1-5A31-308D-86BE-9198D79DE2B4}
	EndProjectSection
EndProject
Project("{8BC9CEB8-8B4A-11D0-8D11-00A0C91BC942}") = "particles", "examples\particles.vcxproj", "{E731D392-85DF-3CE0-8622-821FA3FA0B99}"
	ProjectSection(ProjectDependencies) = postProject
		{C8CDA23F-5D60-31E4-B6F8-7AAE23517421} = {C8CDA23F-5D60-31E4-B6F8-7AAE23517421}
		{A14B11E1-5A31-308D-86BE-9198D79DE2B4} = {A14B11E1-5A31-308D-86BE-9198D79DE2B4}
	EndProjectSection
EndProject
Project("{8BC9CEB8-8B4A-11D0-8D11-00A0C91BC942}") = "reopen", "tests\reopen.vcxproj", "{778AD47E-1C24-33AD-BCA1-375F520F09D0}"
	ProjectSection(ProjectDependencies) = postProject
		{C8CDA23F-5D60-31E4-B6F8-7AAE23517421} = {C8CDA23F-5D60-31E4-B6F8-7AAE23517421}
		{A14B11E1-5A31-308D-86BE-9198D79DE2B4} = {A14B11E1-5A31-308D-86BE-9198D79DE2B4}
	EndProjectSection
EndProject
Project("{8BC9CEB8-8B4A-11D0-8D11-00A0C91BC942}") = "sharing", "examples\sharing.vcxproj", "{2FCF8113-71E4-33FE-9486-57AB0F22E520}"
	ProjectSection(ProjectDependencies) = postProject
		{C8CDA23F-5D60-31E4-B6F8-7AAE23517421} = {C8CDA23F-5D60-31E4-B6F8-7AAE23517421}
		{A14B11E1-5A31-308D-86BE-9198D79DE2B4} = {A14B11E1-5A31-308D-86BE-9198D79DE2B4}
	EndProjectSection
EndProject
Project("{8BC9CEB8-8B4A-11D0-8D11-00A0C91BC942}") = "simple", "examples\simple.vcxproj", "{7D2C179D-46F1-3FDA-A0C1-EF8636DCC941}"
	ProjectSection(ProjectDependencies) = postProject
		{C8CDA23F-5D60-31E4-B6F8-7AAE23517421} = {C8CDA23F-5D60-31E4-B6F8-7AAE23517421}
		{A14B11E1-5A31-308D-86BE-9198D79DE2B4} = {A14B11E1-5A31-308D-86BE-9198D79DE2B4}
	EndProjectSection
EndProject
Project("{8BC9CEB8-8B4A-11D0-8D11-00A0C91BC942}") = "splitview", "examples\splitview.vcxproj", "{7857330C-3138-36BC-9A73-D5CA8AC81F93}"
	ProjectSection(ProjectDependencies) = postProject
		{C8CDA23F-5D60-31E4-B6F8-7AAE23517421} = {C8CDA23F-5D60-31E4-B6F8-7AAE23517421}
		{A14B11E1-5A31-308D-86BE-9198D79DE2B4} = {A14B11E1-5A31-308D-86BE-9198D79DE2B4}
	EndProjectSection
EndProject
Project("{8BC9CEB8-8B4A-11D0-8D11-00A0C91BC942}") = "tearing", "tests\tearing.vcxproj", "{9281A43A-AAB6-33A7-82F0-AC66302435C6}"
	ProjectSection(ProjectDependencies) = postProject
		{C8CDA23F-5D60-31E4-B6F8-7AAE23517421} = {C8CDA23F-5D60-31E4-B6F8-7AAE23517421}
		{A14B11E1-5A31-308D-86BE-9198D79DE2B4} = {A14B11E1-5A31-308D-86BE-9198D79DE2B4}
	EndProjectSection
EndProject
Project("{8BC9CEB8-8B4A-11D0-8D11-00A0C91BC942}") = "threads", "tests\threads.vcxproj", "{96F27B29-7075-33B3-A84B-C68E1F2C5F1B}"
	ProjectSection(ProjectDependencies) = postProject
		{C8CDA23F-5D60-31E4-B6F8-7AAE23517421} = {C8CDA23F-5D60-31E4-B6F8-7AAE23517421}
		{A14B11E1-5A31-308D-86BE-9198D79DE2B4} = {A14B11E1-5A31-308D-86BE-9198D79DE2B4}
	EndProjectSection
EndProject
Project("{8BC9CEB8-8B4A-11D0-8D11-00A0C91BC942}") = "timeout", "tests\timeout.vcxproj", "{063594DB-61D8-346A-AAB7-1AB2E6A8DC7C}"
	ProjectSection(ProjectDependencies) = postProject
		{C8CDA23F-5D60-31E4-B6F8-7AAE23517421} = {C8CDA23F-5D60-31E4-B6F8-7AAE23517421}
		{A14B11E1-5A31-308D-86BE-9198D79DE2B4} = {A14B11E1-5A31-308D-86BE-9198D79DE2B4}
	EndProjectSection
EndProject
Project("{8BC9CEB8-8B4A-11D0-8D11-00A0C91BC942}") = "title", "tests\title.vcxproj", "{0C709AFB-F97B-32C1-B1FC-00A42538F54C}"
	ProjectSection(ProjectDependencies) = postProject
		{C8CDA23F-5D60-31E4-B6F8-7AAE23517421} = {C8CDA23F-5D60-31E4-B6F8-7AAE23517421}
		{A14B11E1-5A31-308D-86BE-9198D79DE2B4} = {A14B11E1-5A31-308D-86BE-9198D79DE2B4}
	EndProjectSection
EndProject
Project("{8BC9CEB8-8B4A-11D0-8D11-00A0C91BC942}") = "triangle-vulkan", "tests\triangle-vulkan.vcxproj", "{8B50EB8A-5B60-3131-8A0A-7AC1D7D46677}"
	ProjectSection(ProjectDependencies) = postProject
		{C8CDA23F-5D60-31E4-B6F8-7AAE23517421} = {C8CDA23F-5D60-31E4-B6F8-7AAE23517421}
		{A14B11E1-5A31-308D-86BE-9198D79DE2B4} = {A14B11E1-5A31-308D-86BE-9198D79DE2B4}
	EndProjectSection
EndProject
Project("{8BC9CEB8-8B4A-11D0-8D11-00A0C91BC942}") = "uninstall", "uninstall.vcxproj", "{C4379E6D-F4E4-35B6-9880-94445007A7C1}"
	ProjectSection(ProjectDependencies) = postProject
		{C8CDA23F-5D60-31E4-B6F8-7AAE23517421} = {C8CDA23F-5D60-31E4-B6F8-7AAE23517421}
	EndProjectSection
EndProject
Project("{8BC9CEB8-8B4A-11D0-8D11-00A0C91BC942}") = "wave", "examples\wave.vcxproj", "{58B61CEA-7F4D-3737-8CC7-E8C02BFBB486}"
	ProjectSection(ProjectDependencies) = postProject
		{C8CDA23F-5D60-31E4-B6F8-7AAE23517421} = {C8CDA23F-5D60-31E4-B6F8-7AAE23517421}
		{A14B11E1-5A31-308D-86BE-9198D79DE2B4} = {A14B11E1-5A31-308D-86BE-9198D79DE2B4}
	EndProjectSection
EndProject
Project("{8BC9CEB8-8B4A-11D0-8D11-00A0C91BC942}") = "windows", "tests\windows.vcxproj", "{988A6DC4-1094-3979-A325-D586EB78F416}"
	ProjectSection(ProjectDependencies) = postProject
		{C8CDA23F-5D60-31E4-B6F8-7AAE23517421} = {C8CDA23F-5D60-31E4-B6F8-7AAE23517421}
		{A14B11E1-5A31-308D-86BE-9198D79DE2B4} = {A14B11E1-5A31-308D-86BE-9198D79DE2B4}
	EndProjectSection
EndProject
Global
	GlobalSection(SolutionConfigurationPlatforms) = preSolution
		Debug|x64 = Debug|x64
		Release|x64 = Release|x64
		MinSizeRel|x64 = MinSizeRel|x64
		RelWithDebInfo|x64 = RelWithDebInfo|x64
	EndGlobalSection
	GlobalSection(ProjectConfigurationPlatforms) = postSolution
		{93AE014A-9A99-3270-B9A0-16084A8A07B0}.Debug|x64.ActiveCfg = Debug|x64
		{93AE014A-9A99-3270-B9A0-16084A8A07B0}.Debug|x64.Build.0 = Debug|x64
		{93AE014A-9A99-3270-B9A0-16084A8A07B0}.Release|x64.ActiveCfg = Release|x64
		{93AE014A-9A99-3270-B9A0-16084A8A07B0}.Release|x64.Build.0 = Release|x64
		{93AE014A-9A99-3270-B9A0-16084A8A07B0}.MinSizeRel|x64.ActiveCfg = MinSizeRel|x64
		{93AE014A-9A99-3270-B9A0-16084A8A07B0}.MinSizeRel|x64.Build.0 = MinSizeRel|x64
		{93AE014A-9A99-3270-B9A0-16084A8A07B0}.RelWithDebInfo|x64.ActiveCfg = RelWithDebInfo|x64
		{93AE014A-9A99-3270-B9A0-16084A8A07B0}.RelWithDebInfo|x64.Build.0 = RelWithDebInfo|x64
		{03B1BB9B-EA90-3B90-B742-60B5258C794E}.Debug|x64.ActiveCfg = Debug|x64
		{03B1BB9B-EA90-3B90-B742-60B5258C794E}.Release|x64.ActiveCfg = Release|x64
		{03B1BB9B-EA90-3B90-B742-60B5258C794E}.MinSizeRel|x64.ActiveCfg = MinSizeRel|x64
		{03B1BB9B-EA90-3B90-B742-60B5258C794E}.RelWithDebInfo|x64.ActiveCfg = RelWithDebInfo|x64
		{C8CDA23F-5D60-31E4-B6F8-7AAE23517421}.Debug|x64.ActiveCfg = Debug|x64
		{C8CDA23F-5D60-31E4-B6F8-7AAE23517421}.Debug|x64.Build.0 = Debug|x64
		{C8CDA23F-5D60-31E4-B6F8-7AAE23517421}.Release|x64.ActiveCfg = Release|x64
		{C8CDA23F-5D60-31E4-B6F8-7AAE23517421}.Release|x64.Build.0 = Release|x64
		{C8CDA23F-5D60-31E4-B6F8-7AAE23517421}.MinSizeRel|x64.ActiveCfg = MinSizeRel|x64
		{C8CDA23F-5D60-31E4-B6F8-7AAE23517421}.MinSizeRel|x64.Build.0 = MinSizeRel|x64
		{C8CDA23F-5D60-31E4-B6F8-7AAE23517421}.RelWithDebInfo|x64.ActiveCfg = RelWithDebInfo|x64
		{C8CDA23F-5D60-31E4-B6F8-7AAE23517421}.RelWithDebInfo|x64.Build.0 = RelWithDebInfo|x64
		{1FBAE712-3022-320C-B4AA-9C4347499982}.Debug|x64.ActiveCfg = Debug|x64
		{1FBAE712-3022-320C-B4AA-9C4347499982}.Debug|x64.Build.0 = Debug|x64
		{1FBAE712-3022-320C-B4AA-9C4347499982}.Release|x64.ActiveCfg = Release|x64
		{1FBAE712-3022-320C-B4AA-9C4347499982}.Release|x64.Build.0 = Release|x64
		{1FBAE712-3022-320C-B4AA-9C4347499982}.MinSizeRel|x64.ActiveCfg = MinSizeRel|x64
		{1FBAE712-3022-320C-B4AA-9C4347499982}.MinSizeRel|x64.Build.0 = MinSizeRel|x64
		{1FBAE712-3022-320C-B4AA-9C4347499982}.RelWithDebInfo|x64.ActiveCfg = RelWithDebInfo|x64
		{1FBAE712-3022-320C-B4AA-9C4347499982}.RelWithDebInfo|x64.Build.0 = RelWithDebInfo|x64
		{F94D59D4-B269-36D1-8D14-DCE976C09563}.Debug|x64.ActiveCfg = Debug|x64
		{F94D59D4-B269-36D1-8D14-DCE976C09563}.Debug|x64.Build.0 = Debug|x64
		{F94D59D4-B269-36D1-8D14-DCE976C09563}.Release|x64.ActiveCfg = Release|x64
		{F94D59D4-B269-36D1-8D14-DCE976C09563}.Release|x64.Build.0 = Release|x64
		{F94D59D4-B269-36D1-8D14-DCE976C09563}.MinSizeRel|x64.ActiveCfg = MinSizeRel|x64
		{F94D59D4-B269-36D1-8D14-DCE976C09563}.MinSizeRel|x64.Build.0 = MinSizeRel|x64
		{F94D59D4-B269-36D1-8D14-DCE976C09563}.RelWithDebInfo|x64.ActiveCfg = RelWithDebInfo|x64
		{F94D59D4-B269-36D1-8D14-DCE976C09563}.RelWithDebInfo|x64.Build.0 = RelWithDebInfo|x64
		{11BF1127-CDCF-3CB3-BA26-1E510855002F}.Debug|x64.ActiveCfg = Debug|x64
		{11BF1127-CDCF-3CB3-BA26-1E510855002F}.Debug|x64.Build.0 = Debug|x64
		{11BF1127-CDCF-3CB3-BA26-1E510855002F}.Release|x64.ActiveCfg = Release|x64
		{11BF1127-CDCF-3CB3-BA26-1E510855002F}.Release|x64.Build.0 = Release|x64
		{11BF1127-CDCF-3CB3-BA26-1E510855002F}.MinSizeRel|x64.ActiveCfg = MinSizeRel|x64
		{11BF1127-CDCF-3CB3-BA26-1E510855002F}.MinSizeRel|x64.Build.0 = MinSizeRel|x64
		{11BF1127-CDCF-3CB3-BA26-1E510855002F}.RelWithDebInfo|x64.ActiveCfg = RelWithDebInfo|x64
		{11BF1127-CDCF-3CB3-BA26-1E510855002F}.RelWithDebInfo|x64.Build.0 = RelWithDebInfo|x64
		{346C0102-BDBC-39A8-9671-8877C9CA5121}.Debug|x64.ActiveCfg = Debug|x64
		{346C0102-BDBC-39A8-9671-8877C9CA5121}.Debug|x64.Build.0 = Debug|x64
		{346C0102-BDBC-39A8-9671-8877C9CA5121}.Release|x64.ActiveCfg = Release|x64
		{346C0102-BDBC-39A8-9671-8877C9CA5121}.Release|x64.Build.0 = Release|x64
		{346C0102-BDBC-39A8-9671-8877C9CA5121}.MinSizeRel|x64.ActiveCfg = MinSizeRel|x64
		{346C0102-BDBC-39A8-9671-8877C9CA5121}.MinSizeRel|x64.Build.0 = MinSizeRel|x64
		{346C0102-BDBC-39A8-9671-8877C9CA5121}.RelWithDebInfo|x64.ActiveCfg = RelWithDebInfo|x64
		{346C0102-BDBC-39A8-9671-8877C9CA5121}.RelWithDebInfo|x64.Build.0 = RelWithDebInfo|x64
		{D22F820B-23F1-3D2E-A651-B1BFDF24BD0B}.Debug|x64.ActiveCfg = Debug|x64
		{D22F820B-23F1-3D2E-A651-B1BFDF24BD0B}.Debug|x64.Build.0 = Debug|x64
		{D22F820B-23F1-3D2E-A651-B1BFDF24BD0B}.Release|x64.ActiveCfg = Release|x64
		{D22F820B-23F1-3D2E-A651-B1BFDF24BD0B}.Release|x64.Build.0 = Release|x64
		{D22F820B-23F1-3D2E-A651-B1BFDF24BD0B}.MinSizeRel|x64.ActiveCfg = MinSizeRel|x64
		{D22F820B-23F1-3D2E-A651-B1BFDF24BD0B}.MinSizeRel|x64.Build.0 = MinSizeRel|x64
		{D22F820B-23F1-3D2E-A651-B1BFDF24BD0B}.RelWithDebInfo|x64.ActiveCfg = RelWithDebInfo|x64
		{D22F820B-23F1-3D2E-A651-B1BFDF24BD0B}.RelWithDebInfo|x64.Build.0 = RelWithDebInfo|x64
		{E47B638B-7F8B-349F-B669-A27B5F246D67}.Debug|x64.ActiveCfg = Debug|x64
		{E47B638B-7F8B-349F-B669-A27B5F246D67}.Debug|x64.Build.0 = Debug|x64
		{E47B638B-7F8B-349F-B669-A27B5F246D67}.Release|x64.ActiveCfg = Release|x64
		{E47B638B-7F8B-349F-B669-A27B5F246D67}.Release|x64.Build.0 = Release|x64
		{E47B638B-7F8B-349F-B669-A27B5F246D67}.MinSizeRel|x64.ActiveCfg = MinSizeRel|x64
		{E47B638B-7F8B-349F-B669-A27B5F246D67}.MinSizeRel|x64.Build.0 = MinSizeRel|x64
		{E47B638B-7F8B-349F-B669-A27B5F246D67}.RelWithDebInfo|x64.ActiveCfg = RelWithDebInfo|x64
		{E47B638B-7F8B-349F-B669-A27B5F246D67}.RelWithDebInfo|x64.Build.0 = RelWithDebInfo|x64
		{76B612A7-3DD7-3C30-AFFF-23B68E05AAE8}.Debug|x64.ActiveCfg = Debug|x64
		{76B612A7-3DD7-3C30-AFFF-23B68E05AAE8}.Debug|x64.Build.0 = Debug|x64
		{76B612A7-3DD7-3C30-AFFF-23B68E05AAE8}.Release|x64.ActiveCfg = Release|x64
		{76B612A7-3DD7-3C30-AFFF-23B68E05AAE8}.Release|x64.Build.0 = Release|x64
		{76B612A7-3DD7-3C30-AFFF-23B68E05AAE8}.MinSizeRel|x64.ActiveCfg = MinSizeRel|x64
		{76B612A7-3DD7-3C30-AFFF-23B68E05AAE8}.MinSizeRel|x64.Build.0 = MinSizeRel|x64
		{76B612A7-3DD7-3C30-AFFF-23B68E05AAE8}.RelWithDebInfo|x64.ActiveCfg = RelWithDebInfo|x64
		{76B612A7-3DD7-3C30-AFFF-23B68E05AAE8}.RelWithDebInfo|x64.Build.0 = RelWithDebInfo|x64
		{A14B11E1-5A31-308D-86BE-9198D79DE2B4}.Debug|x64.ActiveCfg = Debug|x64
		{A14B11E1-5A31-308D-86BE-9198D79DE2B4}.Debug|x64.Build.0 = Debug|x64
		{A14B11E1-5A31-308D-86BE-9198D79DE2B4}.Release|x64.ActiveCfg = Release|x64
		{A14B11E1-5A31-308D-86BE-9198D79DE2B4}.Release|x64.Build.0 = Release|x64
		{A14B11E1-5A31-308D-86BE-9198D79DE2B4}.MinSizeRel|x64.ActiveCfg = MinSizeRel|x64
		{A14B11E1-5A31-308D-86BE-9198D79DE2B4}.MinSizeRel|x64.Build.0 = MinSizeRel|x64
		{A14B11E1-5A31-308D-86BE-9198D79DE2B4}.RelWithDebInfo|x64.ActiveCfg = RelWithDebInfo|x64
		{A14B11E1-5A31-308D-86BE-9198D79DE2B4}.RelWithDebInfo|x64.Build.0 = RelWithDebInfo|x64
		{04742DDC-3B4C-3203-84B0-9376C3DDA27E}.Debug|x64.ActiveCfg = Debug|x64
		{04742DDC-3B4C-3203-84B0-9376C3DDA27E}.Debug|x64.Build.0 = Debug|x64
		{04742DDC-3B4C-3203-84B0-9376C3DDA27E}.Release|x64.ActiveCfg = Release|x64
		{04742DDC-3B4C-3203-84B0-9376C3DDA27E}.Release|x64.Build.0 = Release|x64
		{04742DDC-3B4C-3203-84B0-9376C3DDA27E}.MinSizeRel|x64.ActiveCfg = MinSizeRel|x64
		{04742DDC-3B4C-3203-84B0-9376C3DDA27E}.MinSizeRel|x64.Build.0 = MinSizeRel|x64
		{04742DDC-3B4C-3203-84B0-9376C3DDA27E}.RelWithDebInfo|x64.ActiveCfg = RelWithDebInfo|x64
		{04742DDC-3B4C-3203-84B0-9376C3DDA27E}.RelWithDebInfo|x64.Build.0 = RelWithDebInfo|x64
		{8585E507-805C-39F2-BFAE-E08A09316559}.Debug|x64.ActiveCfg = Debug|x64
		{8585E507-805C-39F2-BFAE-E08A09316559}.Debug|x64.Build.0 = Debug|x64
		{8585E507-805C-39F2-BFAE-E08A09316559}.Release|x64.ActiveCfg = Release|x64
		{8585E507-805C-39F2-BFAE-E08A09316559}.Release|x64.Build.0 = Release|x64
		{8585E507-805C-39F2-BFAE-E08A09316559}.MinSizeRel|x64.ActiveCfg = MinSizeRel|x64
		{8585E507-805C-39F2-BFAE-E08A09316559}.MinSizeRel|x64.Build.0 = MinSizeRel|x64
		{8585E507-805C-39F2-BFAE-E08A09316559}.RelWithDebInfo|x64.ActiveCfg = RelWithDebInfo|x64
		{8585E507-805C-39F2-BFAE-E08A09316559}.RelWithDebInfo|x64.Build.0 = RelWithDebInfo|x64
		{B77C611C-1E34-327B-B10F-40B915B5AFFC}.Debug|x64.ActiveCfg = Debug|x64
		{B77C611C-1E34-327B-B10F-40B915B5AFFC}.Debug|x64.Build.0 = Debug|x64
		{B77C611C-1E34-327B-B10F-40B915B5AFFC}.Release|x64.ActiveCfg = Release|x64
		{B77C611C-1E34-327B-B10F-40B915B5AFFC}.Release|x64.Build.0 = Release|x64
		{B77C611C-1E34-327B-B10F-40B915B5AFFC}.MinSizeRel|x64.ActiveCfg = MinSizeRel|x64
		{B77C611C-1E34-327B-B10F-40B915B5AFFC}.MinSizeRel|x64.Build.0 = MinSizeRel|x64
		{B77C611C-1E34-327B-B10F-40B915B5AFFC}.RelWithDebInfo|x64.ActiveCfg = RelWithDebInfo|x64
		{B77C611C-1E34-327B-B10F-40B915B5AFFC}.RelWithDebInfo|x64.Build.0 = RelWithDebInfo|x64
		{B088995F-BA76-38CA-9F42-CC35F7F1242C}.Debug|x64.ActiveCfg = Debug|x64
		{B088995F-BA76-38CA-9F42-CC35F7F1242C}.Debug|x64.Build.0 = Debug|x64
		{B088995F-BA76-38CA-9F42-CC35F7F1242C}.Release|x64.ActiveCfg = Release|x64
		{B088995F-BA76-38CA-9F42-CC35F7F1242C}.Release|x64.Build.0 = Release|x64
		{B088995F-BA76-38CA-9F42-CC35F7F1242C}.MinSizeRel|x64.ActiveCfg = MinSizeRel|x64
		{B088995F-BA76-38CA-9F42-CC35F7F1242C}.MinSizeRel|x64.Build.0 = MinSizeRel|x64
		{B088995F-BA76-38CA-9F42-CC35F7F1242C}.RelWithDebInfo|x64.ActiveCfg = RelWithDebInfo|x64
		{B088995F-BA76-38CA-9F42-CC35F7F1242C}.RelWithDebInfo|x64.Build.0 = RelWithDebInfo|x64
		{449781A2-03A5-3324-A0A7-304E5E739F39}.Debug|x64.ActiveCfg = Debug|x64
		{449781A2-03A5-3324-A0A7-304E5E739F39}.Debug|x64.Build.0 = Debug|x64
		{449781A2-03A5-3324-A0A7-304E5E739F39}.Release|x64.ActiveCfg = Release|x64
		{449781A2-03A5-3324-A0A7-304E5E739F39}.Release|x64.Build.0 = Release|x64
		{449781A2-03A5-3324-A0A7-304E5E739F39}.MinSizeRel|x64.ActiveCfg = MinSizeRel|x64
		{449781A2-03A5-3324-A0A7-304E5E739F39}.MinSizeRel|x64.Build.0 = MinSizeRel|x64
		{449781A2-03A5-3324-A0A7-304E5E739F39}.RelWithDebInfo|x64.ActiveCfg = RelWithDebInfo|x64
		{449781A2-03A5-3324-A0A7-304E5E739F39}.RelWithDebInfo|x64.Build.0 = RelWithDebInfo|x64
		{DD231D58-255B-3E13-A813-C28415BC1D78}.Debug|x64.ActiveCfg = Debug|x64
		{DD231D58-255B-3E13-A813-C28415BC1D78}.Debug|x64.Build.0 = Debug|x64
		{DD231D58-255B-3E13-A813-C28415BC1D78}.Release|x64.ActiveCfg = Release|x64
		{DD231D58-255B-3E13-A813-C28415BC1D78}.Release|x64.Build.0 = Release|x64
		{DD231D58-255B-3E13-A813-C28415BC1D78}.MinSizeRel|x64.ActiveCfg = MinSizeRel|x64
		{DD231D58-255B-3E13-A813-C28415BC1D78}.MinSizeRel|x64.Build.0 = MinSizeRel|x64
		{DD231D58-255B-3E13-A813-C28415BC1D78}.RelWithDebInfo|x64.ActiveCfg = RelWithDebInfo|x64
		{DD231D58-255B-3E13-A813-C28415BC1D78}.RelWithDebInfo|x64.Build.0 = RelWithDebInfo|x64
		{1A3CEFBF-6431-32EF-BD99-60A6B83E14CB}.Debug|x64.ActiveCfg = Debug|x64
		{1A3CEFBF-6431-32EF-BD99-60A6B83E14CB}.Debug|x64.Build.0 = Debug|x64
		{1A3CEFBF-6431-32EF-BD99-60A6B83E14CB}.Release|x64.ActiveCfg = Release|x64
		{1A3CEFBF-6431-32EF-BD99-60A6B83E14CB}.Release|x64.Build.0 = Release|x64
		{1A3CEFBF-6431-32EF-BD99-60A6B83E14CB}.MinSizeRel|x64.ActiveCfg = MinSizeRel|x64
		{1A3CEFBF-6431-32EF-BD99-60A6B83E14CB}.MinSizeRel|x64.Build.0 = MinSizeRel|x64
		{1A3CEFBF-6431-32EF-BD99-60A6B83E14CB}.RelWithDebInfo|x64.ActiveCfg = RelWithDebInfo|x64
		{1A3CEFBF-6431-32EF-BD99-60A6B83E14CB}.RelWithDebInfo|x64.Build.0 = RelWithDebInfo|x64
		{0485B75D-EDB3-363D-AD55-38806741D103}.Debug|x64.ActiveCfg = Debug|x64
		{0485B75D-EDB3-363D-AD55-38806741D103}.Debug|x64.Build.0 = Debug|x64
		{0485B75D-EDB3-363D-AD55-38806741D103}.Release|x64.ActiveCfg = Release|x64
		{0485B75D-EDB3-363D-AD55-38806741D103}.Release|x64.Build.0 = Release|x64
		{0485B75D-EDB3-363D-AD55-38806741D103}.MinSizeRel|x64.ActiveCfg = MinSizeRel|x64
		{0485B75D-EDB3-363D-AD55-38806741D103}.MinSizeRel|x64.Build.0 = MinSizeRel|x64
		{0485B75D-EDB3-363D-AD55-38806741D103}.RelWithDebInfo|x64.ActiveCfg = RelWithDebInfo|x64
		{0485B75D-EDB3-363D-AD55-38806741D103}.RelWithDebInfo|x64.Build.0 = RelWithDebInfo|x64
		{C903F534-7CB1-3B93-9046-46D4CDC01944}.Debug|x64.ActiveCfg = Debug|x64
		{C903F534-7CB1-3B93-9046-46D4CDC01944}.Debug|x64.Build.0 = Debug|x64
		{C903F534-7CB1-3B93-9046-46D4CDC01944}.Release|x64.ActiveCfg = Release|x64
		{C903F534-7CB1-3B93-9046-46D4CDC01944}.Release|x64.Build.0 = Release|x64
		{C903F534-7CB1-3B93-9046-46D4CDC01944}.MinSizeRel|x64.ActiveCfg = MinSizeRel|x64
		{C903F534-7CB1-3B93-9046-46D4CDC01944}.MinSizeRel|x64.Build.0 = MinSizeRel|x64
		{C903F534-7CB1-3B93-9046-46D4CDC01944}.RelWithDebInfo|x64.ActiveCfg = RelWithDebInfo|x64
		{C903F534-7CB1-3B93-9046-46D4CDC01944}.RelWithDebInfo|x64.Build.0 = RelWithDebInfo|x64
		{BCA14BB1-646D-35FC-BAEF-6128A3881F95}.Debug|x64.ActiveCfg = Debug|x64
		{BCA14BB1-646D-35FC-BAEF-6128A3881F95}.Debug|x64.Build.0 = Debug|x64
		{BCA14BB1-646D-35FC-BAEF-6128A3881F95}.Release|x64.ActiveCfg = Release|x64
		{BCA14BB1-646D-35FC-BAEF-6128A3881F95}.Release|x64.Build.0 = Release|x64
		{BCA14BB1-646D-35FC-BAEF-6128A3881F95}.MinSizeRel|x64.ActiveCfg = MinSizeRel|x64
		{BCA14BB1-646D-35FC-BAEF-6128A3881F95}.MinSizeRel|x64.Build.0 = MinSizeRel|x64
		{BCA14BB1-646D-35FC-BAEF-6128A3881F95}.RelWithDebInfo|x64.ActiveCfg = RelWithDebInfo|x64
		{BCA14BB1-646D-35FC-BAEF-6128A3881F95}.RelWithDebInfo|x64.Build.0 = RelWithDebInfo|x64
		{E731D392-85DF-3CE0-8622-821FA3FA0B99}.Debug|x64.ActiveCfg = Debug|x64
		{E731D392-85DF-3CE0-8622-821FA3FA0B99}.Debug|x64.Build.0 = Debug|x64
		{E731D392-85DF-3CE0-8622-821FA3FA0B99}.Release|x64.ActiveCfg = Release|x64
		{E731D392-85DF-3CE0-8622-821FA3FA0B99}.Release|x64.Build.0 = Release|x64
		{E731D392-85DF-3CE0-8622-821FA3FA0B99}.MinSizeRel|x64.ActiveCfg = MinSizeRel|x64
		{E731D392-85DF-3CE0-8622-821FA3FA0B99}.MinSizeRel|x64.Build.0 = MinSizeRel|x64
		{E731D392-85DF-3CE0-8622-821FA3FA0B99}.RelWithDebInfo|x64.ActiveCfg = RelWithDebInfo|x64
		{E731D392-85DF-3CE0-8622-821FA3FA0B99}.RelWithDebInfo|x64.Build.0 = RelWithDebInfo|x64
		{778AD47E-1C24-33AD-BCA1-375F520F09D0}.Debug|x64.ActiveCfg = Debug|x64
		{778AD47E-1C24-33AD-BCA1-375F520F09D0}.Debug|x64.Build.0 = Debug|x64
		{778AD47E-1C24-33AD-BCA1-375F520F09D0}.Release|x64.ActiveCfg = Release|x64
		{778AD47E-1C24-33AD-BCA1-375F520F09D0}.Release|x64.Build.0 = Release|x64
		{778AD47E-1C24-33AD-BCA1-375F520F09D0}.MinSizeRel|x64.ActiveCfg = MinSizeRel|x64
		{778AD47E-1C24-33AD-BCA1-375F520F09D0}.MinSizeRel|x64.Build.0 = MinSizeRel|x64
		{778AD47E-1C24-33AD-BCA1-375F520F09D0}.RelWithDebInfo|x64.ActiveCfg = RelWithDebInfo|x64
		{778AD47E-1C24-33AD-BCA1-375F520F09D0}.RelWithDebInfo|x64.Build.0 = RelWithDebInfo|x64
		{2FCF8113-71E4-33FE-9486-57AB0F22E520}.Debug|x64.ActiveCfg = Debug|x64
		{2FCF8113-71E4-33FE-9486-57AB0F22E520}.Debug|x64.Build.0 = Debug|x64
		{2FCF8113-71E4-33FE-9486-57AB0F22E520}.Release|x64.ActiveCfg = Release|x64
		{2FCF8113-71E4-33FE-9486-57AB0F22E520}.Release|x64.Build.0 = Release|x64
		{2FCF8113-71E4-33FE-9486-57AB0F22E520}.MinSizeRel|x64.ActiveCfg = MinSizeRel|x64
		{2FCF8113-71E4-33FE-9486-57AB0F22E520}.MinSizeRel|x64.Build.0 = MinSizeRel|x64
		{2FCF8113-71E4-33FE-9486-57AB0F22E520}.RelWithDebInfo|x64.ActiveCfg = RelWithDebInfo|x64
		{2FCF8113-71E4-33FE-9486-57AB0F22E520}.RelWithDebInfo|x64.Build.0 = RelWithDebInfo|x64
		{7D2C179D-46F1-3FDA-A0C1-EF8636DCC941}.Debug|x64.ActiveCfg = Debug|x64
		{7D2C179D-46F1-3FDA-A0C1-EF8636DCC941}.Debug|x64.Build.0 = Debug|x64
		{7D2C179D-46F1-3FDA-A0C1-EF8636DCC941}.Release|x64.ActiveCfg = Release|x64
		{7D2C179D-46F1-3FDA-A0C1-EF8636DCC941}.Release|x64.Build.0 = Release|x64
		{7D2C179D-46F1-3FDA-A0C1-EF8636DCC941}.MinSizeRel|x64.ActiveCfg = MinSizeRel|x64
		{7D2C179D-46F1-3FDA-A0C1-EF8636DCC941}.MinSizeRel|x64.Build.0 = MinSizeRel|x64
		{7D2C179D-46F1-3FDA-A0C1-EF8636DCC941}.RelWithDebInfo|x64.ActiveCfg = RelWithDebInfo|x64
		{7D2C179D-46F1-3FDA-A0C1-EF8636DCC941}.RelWithDebInfo|x64.Build.0 = RelWithDebInfo|x64
		{7857330C-3138-36BC-9A73-D5CA8AC81F93}.Debug|x64.ActiveCfg = Debug|x64
		{7857330C-3138-36BC-9A73-D5CA8AC81F93}.Debug|x64.Build.0 = Debug|x64
		{7857330C-3138-36BC-9A73-D5CA8AC81F93}.Release|x64.ActiveCfg = Release|x64
		{7857330C-3138-36BC-9A73-D5CA8AC81F93}.Release|x64.Build.0 = Release|x64
		{7857330C-3138-36BC-9A73-D5CA8AC81F93}.MinSizeRel|x64.ActiveCfg = MinSizeRel|x64
		{7857330C-3138-36BC-9A73-D5CA8AC81F93}.MinSizeRel|x64.Build.0 = MinSizeRel|x64
		{7857330C-3138-36BC-9A73-D5CA8AC81F93}.RelWithDebInfo|x64.ActiveCfg = RelWithDebInfo|x64
		{7857330C-3138-36BC-9A73-D5CA8AC81F93}.RelWithDebInfo|x64.Build.0 = RelWithDebInfo|x64
		{9281A43A-AAB6-33A7-82F0-AC66302435C6}.Debug|x64.ActiveCfg = Debug|x64
		{9281A43A-AAB6-33A7-82F0-AC66302435C6}.Debug|x64.Build.0 = Debug|x64
		{9281A43A-AAB6-33A7-82F0-AC66302435C6}.Release|x64.ActiveCfg = Release|x64
		{9281A43A-AAB6-33A7-82F0-AC66302435C6}.Release|x64.Build.0 = Release|x64
		{9281A43A-AAB6-33A7-82F0-AC66302435C6}.MinSizeRel|x64.ActiveCfg = MinSizeRel|x64
		{9281A43A-AAB6-33A7-82F0-AC66302435C6}.MinSizeRel|x64.Build.0 = MinSizeRel|x64
		{9281A43A-AAB6-33A7-82F0-AC66302435C6}.RelWithDebInfo|x64.ActiveCfg = RelWithDebInfo|x64
		{9281A43A-AAB6-33A7-82F0-AC66302435C6}.RelWithDebInfo|x64.Build.0 = RelWithDebInfo|x64
		{96F27B29-7075-33B3-A84B-C68E1F2C5F1B}.Debug|x64.ActiveCfg = Debug|x64
		{96F27B29-7075-33B3-A84B-C68E1F2C5F1B}.Debug|x64.Build.0 = Debug|x64
		{96F27B29-7075-33B3-A84B-C68E1F2C5F1B}.Release|x64.ActiveCfg = Release|x64
		{96F27B29-7075-33B3-A84B-C68E1F2C5F1B}.Release|x64.Build.0 = Release|x64
		{96F27B29-7075-33B3-A84B-C68E1F2C5F1B}.MinSizeRel|x64.ActiveCfg = MinSizeRel|x64
		{96F27B29-7075-33B3-A84B-C68E1F2C5F1B}.MinSizeRel|x64.Build.0 = MinSizeRel|x64
		{96F27B29-7075-33B3-A84B-C68E1F2C5F1B}.RelWithDebInfo|x64.ActiveCfg = RelWithDebInfo|x64
		{96F27B29-7075-33B3-A84B-C68E1F2C5F1B}.RelWithDebInfo|x64.Build.0 = RelWithDebInfo|x64
		{063594DB-61D8-346A-AAB7-1AB2E6A8DC7C}.Debug|x64.ActiveCfg = Debug|x64
		{063594DB-61D8-346A-AAB7-1AB2E6A8DC7C}.Debug|x64.Build.0 = Debug|x64
		{063594DB-61D8-346A-AAB7-1AB2E6A8DC7C}.Release|x64.ActiveCfg = Release|x64
		{063594DB-61D8-346A-AAB7-1AB2E6A8DC7C}.Release|x64.Build.0 = Release|x64
		{063594DB-61D8-346A-AAB7-1AB2E6A8DC7C}.MinSizeRel|x64.ActiveCfg = MinSizeRel|x64
		{063594DB-61D8-346A-AAB7-1AB2E6A8DC7C}.MinSizeRel|x64.Build.0 = MinSizeRel|x64
		{063594DB-61D8-346A-AAB7-1AB2E6A8DC7C}.RelWithDebInfo|x64.ActiveCfg = RelWithDebInfo|x64
		{063594DB-61D8-346A-AAB7-1AB2E6A8DC7C}.RelWithDebInfo|x64.Build.0 = RelWithDebInfo|x64
		{0C709AFB-F97B-32C1-B1FC-00A42538F54C}.Debug|x64.ActiveCfg = Debug|x64
		{0C709AFB-F97B-32C1-B1FC-00A42538F54C}.Debug|x64.Build.0 = Debug|x64
		{0C709AFB-F97B-32C1-B1FC-00A42538F54C}.Release|x64.ActiveCfg = Release|x64
		{0C709AFB-F97B-32C1-B1FC-00A42538F54C}.Release|x64.Build.0 = Release|x64
		{0C709AFB-F97B-32C1-B1FC-00A42538F54C}.MinSizeRel|x64.ActiveCfg = MinSizeRel|x64
		{0C709AFB-F97B-32C1-B1FC-00A42538F54C}.MinSizeRel|x64.Build.0 = MinSizeRel|x64
		{0C709AFB-F97B-32C1-B1FC-00A42538F54C}.RelWithDebInfo|x64.ActiveCfg = RelWithDebInfo|x64
		{0C709AFB-F97B-32C1-B1FC-00A42538F54C}.RelWithDebInfo|x64.Build.0 = RelWithDebInfo|x64
		{8B50EB8A-5B60-3131-8A0A-7AC1D7D46677}.Debug|x64.ActiveCfg = Debug|x64
		{8B50EB8A-5B60-3131-8A0A-7AC1D7D46677}.Debug|x64.Build.0 = Debug|x64
		{8B50EB8A-5B60-3131-8A0A-7AC1D7D46677}.Release|x64.ActiveCfg = Release|x64
		{8B50EB8A-5B60-3131-8A0A-7AC1D7D46677}.Release|x64.Build.0 = Release|x64
		{8B50EB8A-5B60-3131-8A0A-7AC1D7D46677}.MinSizeRel|x64.ActiveCfg = MinSizeRel|x64
		{8B50EB8A-5B60-3131-8A0A-7AC1D7D46677}.MinSizeRel|x64.Build.0 = MinSizeRel|x64
		{8B50EB8A-5B60-3131-8A0A-7AC1D7D46677}.RelWithDebInfo|x64.ActiveCfg = RelWithDebInfo|x64
		{8B50EB8A-5B60-3131-8A0A-7AC1D7D46677}.RelWithDebInfo|x64.Build.0 = RelWithDebInfo|x64
		{C4379E6D-F4E4-35B6-9880-94445007A7C1}.Debug|x64.ActiveCfg = Debug|x64
		{C4379E6D-F4E4-35B6-9880-94445007A7C1}.Release|x64.ActiveCfg = Release|x64
		{C4379E6D-F4E4-35B6-9880-94445007A7C1}.MinSizeRel|x64.ActiveCfg = MinSizeRel|x64
		{C4379E6D-F4E4-35B6-9880-94445007A7C1}.RelWithDebInfo|x64.ActiveCfg = RelWithDebInfo|x64
		{58B61CEA-7F4D-3737-8CC7-E8C02BFBB486}.Debug|x64.ActiveCfg = Debug|x64
		{58B61CEA-7F4D-3737-8CC7-E8C02BFBB486}.Debug|x64.Build.0 = Debug|x64
		{58B61CEA-7F4D-3737-8CC7-E8C02BFBB486}.Release|x64.ActiveCfg = Release|x64
		{58B61CEA-7F4D-3737-8CC7-E8C02BFBB486}.Release|x64.Build.0 = Release|x64
		{58B61CEA-7F4D-3737-8CC7-E8C02BFBB486}.MinSizeRel|x64.ActiveCfg = MinSizeRel|x64
		{58B61CEA-7F4D-3737-8CC7-E8C02BFBB486}.MinSizeRel|x64.Build.0 = MinSizeRel|x64
		{58B61CEA-7F4D-3737-8CC7-E8C02BFBB486}.RelWithDebInfo|x64.ActiveCfg = RelWithDebInfo|x64
		{58B61CEA-7F4D-3737-8CC7-E8C02BFBB486}.RelWithDebInfo|x64.Build.0 = RelWithDebInfo|x64
		{988A6DC4-1094-3979-A325-D586EB78F416}.Debug|x64.ActiveCfg = Debug|x64
		{988A6DC4-1094-3979-A325-D586EB78F416}.Debug|x64.Build.0 = Debug|x64
		{988A6DC4-1094-3979-A325-D586EB78F416}.Release|x64.ActiveCfg = Release|x64
		{988A6DC4-1094-3979-A325-D586EB78F416}.Release|x64.Build.0 = Release|x64
		{988A6DC4-1094-3979-A325-D586EB78F416}.MinSizeRel|x64.ActiveCfg = MinSizeRel|x64
		{988A6DC4-1094-3979-A325-D586EB78F416}.MinSizeRel|x64.Build.0 = MinSizeRel|x64
		{988A6DC4-1094-3979-A325-D586EB78F416}.RelWithDebInfo|x64.ActiveCfg = RelWithDebInfo|x64
		{988A6DC4-1094-3979-A325-D586EB78F416}.RelWithDebInfo|x64.Build.0 = RelWithDebInfo|x64
	EndGlobalSection
	GlobalSection(NestedProjects) = preSolution
		{93AE014A-9A99-3270-B9A0-16084A8A07B0} = {31C50509-70AB-37F7-81F6-DF2C28E0F3B2}
		{03B1BB9B-EA90-3B90-B742-60B5258C794E} = {31C50509-70AB-37F7-81F6-DF2C28E0F3B2}
		{C8CDA23F-5D60-31E4-B6F8-7AAE23517421} = {31C50509-70AB-37F7-81F6-DF2C28E0F3B2}
		{1DD79B1C-8B5A-38A4-8C40-5C3663D935C5} = {7B462B79-EF5F-3DAA-8050-A4BFEF7225C6}
		{EC2232C1-2DD9-3E6D-B98A-1A14823C3DFC} = {7B462B79-EF5F-3DAA-8050-A4BFEF7225C6}
		{A14B11E1-5A31-308D-86BE-9198D79DE2B4} = {7B462B79-EF5F-3DAA-8050-A4BFEF7225C6}
		{C4379E6D-F4E4-35B6-9880-94445007A7C1} = {7B462B79-EF5F-3DAA-8050-A4BFEF7225C6}
		{1FBAE712-3022-320C-B4AA-9C4347499982} = {1DD79B1C-8B5A-38A4-8C40-5C3663D935C5}
		{76B612A7-3DD7-3C30-AFFF-23B68E05AAE8} = {1DD79B1C-8B5A-38A4-8C40-5C3663D935C5}
		{8585E507-805C-39F2-BFAE-E08A09316559} = {1DD79B1C-8B5A-38A4-8C40-5C3663D935C5}
		{C903F534-7CB1-3B93-9046-46D4CDC01944} = {1DD79B1C-8B5A-38A4-8C40-5C3663D935C5}
		{E731D392-85DF-3CE0-8622-821FA3FA0B99} = {1DD79B1C-8B5A-38A4-8C40-5C3663D935C5}
		{2FCF8113-71E4-33FE-9486-57AB0F22E520} = {1DD79B1C-8B5A-38A4-8C40-5C3663D935C5}
		{7D2C179D-46F1-3FDA-A0C1-EF8636DCC941} = {1DD79B1C-8B5A-38A4-8C40-5C3663D935C5}
		{7857330C-3138-36BC-9A73-D5CA8AC81F93} = {1DD79B1C-8B5A-38A4-8C40-5C3663D935C5}
		{58B61CEA-7F4D-3737-8CC7-E8C02BFBB486} = {1DD79B1C-8B5A-38A4-8C40-5C3663D935C5}
		{F94D59D4-B269-36D1-8D14-DCE976C09563} = {EC2232C1-2DD9-3E6D-B98A-1A14823C3DFC}
		{11BF1127-CDCF-3CB3-BA26-1E510855002F} = {EC2232C1-2DD9-3E6D-B98A-1A14823C3DFC}
		{346C0102-BDBC-39A8-9671-8877C9CA5121} = {EC2232C1-2DD9-3E6D-B98A-1A14823C3DFC}
		{D22F820B-23F1-3D2E-A651-B1BFDF24BD0B} = {EC2232C1-2DD9-3E6D-B98A-1A14823C3DFC}
		{E47B638B-7F8B-349F-B669-A27B5F246D67} = {EC2232C1-2DD9-3E6D-B98A-1A14823C3DFC}
		{04742DDC-3B4C-3203-84B0-9376C3DDA27E} = {EC2232C1-2DD9-3E6D-B98A-1A14823C3DFC}
		{B77C611C-1E34-327B-B10F-40B915B5AFFC} = {EC2232C1-2DD9-3E6D-B98A-1A14823C3DFC}
		{B088995F-BA76-38CA-9F42-CC35F7F1242C} = {EC2232C1-2DD9-3E6D-B98A-1A14823C3DFC}
		{449781A2-03A5-3324-A0A7-304E5E739F39} = {EC2232C1-2DD9-3E6D-B98A-1A14823C3DFC}
		{DD231D58-255B-3E13-A813-C28415BC1D78} = {EC2232C1-2DD9-3E6D-B98A-1A14823C3DFC}
		{1A3CEFBF-6431-32EF-BD99-60A6B83E14CB} = {EC2232C1-2DD9-3E6D-B98A-1A14823C3DFC}
		{0485B75D-EDB3-363D-AD55-38806741D103} = {EC2232C1-2DD9-3E6D-B98A-1A14823C3DFC}
		{BCA14BB1-646D-35FC-BAEF-6128A3881F95} = {EC2232C1-2DD9-3E6D-B98A-1A14823C3DFC}
		{778AD47E-1C24-33AD-BCA1-375F520F09D0} = {EC2232C1-2DD9-3E6D-B98A-1A14823C3DFC}
		{9281A43A-AAB6-33A7-82F0-AC66302435C6} = {EC2232C1-2DD9-3E6D-B98A-1A14823C3DFC}
		{96F27B29-7075-33B3-A84B-C68E1F2C5F1B} = {EC2232C1-2DD9-3E6D-B98A-1A14823C3DFC}
		{063594DB-61D8-346A-AAB7-1AB2E6A8DC7C} = {EC2232C1-2DD9-3E6D-B98A-1A14823C3DFC}
		{0C709AFB-F97B-32C1-B1FC-00A42538F54C} = {EC2232C1-2DD9-3E6D-B98A-1A14823C3DFC}
		{8B50EB8A-5B60-3131-8A0A-7AC1D7D46677} = {EC2232C1-2DD9-3E6D-B98A-1A14823C3DFC}
		{988A6DC4-1094-3979-A325-D586EB78F416} = {EC2232C1-2DD9-3E6D-B98A-1A14823C3DFC}
	EndGlobalSection
	GlobalSection(ExtensibilityGlobals) = postSolution
		SolutionGuid = {2BA4E9A2-06A4-3A7B-8B41-83072D95166B}
	EndGlobalSection
	GlobalSection(ExtensibilityAddIns) = postSolution
	EndGlobalSection
EndGlobal
